
Microsoft Visual Studio Solution File, Format Version 12.00
# Visual Studio Version 16
VisualStudioVersion = 16.0.32602.291
MinimumVisualStudioVersion = 10.0.40219.1
Project("{FAE04EC0-301F-11D3-BF4B-00C04F79EFBC}") = "Array----Oops----Class", "Array----Oops----Class\Array----Oops----Class.csproj", "{201ABB5E-FE8D-4945-964B-4A059D954C71}"
EndProject
Global
	GlobalSection(SolutionConfigurationPlatforms) = preSolution
		Debug|Any CPU = Debug|Any CPU
		Release|Any CPU = Release|Any CPU
	EndGlobalSection
	GlobalSection(ProjectConfigurationPlatforms) = postSolution
		{201ABB5E-FE8D-4945-964B-4A059D954C71}.Debug|Any CPU.ActiveCfg = Debug|Any CPU
		{201ABB5E-FE8D-4945-964B-4A059D954C71}.Debug|Any CPU.Build.0 = Debug|Any CPU
		{201ABB5E-FE8D-4945-964B-4A059D954C71}.Release|Any CPU.ActiveCfg = Release|Any CPU
		{201ABB5E-FE8D-4945-964B-4A059D954C71}.Release|Any CPU.Build.0 = Release|Any CPU
	EndGlobalSection
	GlobalSection(SolutionProperties) = preSolution
		HideSolutionNode = FALSE
	EndGlobalSection
	GlobalSection(ExtensibilityGlobals) = postSolution
		SolutionGuid = {AFD221A8-527A-4540-8693-5DCD27B0973E}
	EndGlobalSection
EndGlobal
